// !$*UTF8*$!
{
	archiveVersion = 1;
	classes = {
	};
	objectVersion = 50;
	objects = {

/* Begin PBXBuildFile section */
		5005C5D9217AB5B4005DFBC9 /* AppDelegate.swift in Sources */ = {isa = PBXBuildFile; fileRef = 5005C5D8217AB5B4005DFBC9 /* AppDelegate.swift */; };
		5005C5DB217AB5B4005DFBC9 /* ViewController1.swift in Sources */ = {isa = PBXBuildFile; fileRef = 5005C5DA217AB5B4005DFBC9 /* ViewController1.swift */; };
		5005C5E3217AB5BC005DFBC9 /* LaunchScreen.storyboard in Resources */ = {isa = PBXBuildFile; fileRef = 5005C5E1217AB5BC005DFBC9 /* LaunchScreen.storyboard */; };
		5005C5EE217AB5BC005DFBC9 /* TyokinshiAI_JPHACKS2018Tests.swift in Sources */ = {isa = PBXBuildFile; fileRef = 5005C5ED217AB5BC005DFBC9 /* TyokinshiAI_JPHACKS2018Tests.swift */; };
		5005C5F9217AB5BC005DFBC9 /* TyokinshiAI_JPHACKS2018UITests.swift in Sources */ = {isa = PBXBuildFile; fileRef = 5005C5F8217AB5BC005DFBC9 /* TyokinshiAI_JPHACKS2018UITests.swift */; };
		5005C60B217AD477005DFBC9 /* ViewController2.swift in Sources */ = {isa = PBXBuildFile; fileRef = 5005C60A217AD477005DFBC9 /* ViewController2.swift */; };
		5005C60C217AD477005DFBC9 /* ViewController2.swift in Sources */ = {isa = PBXBuildFile; fileRef = 5005C60A217AD477005DFBC9 /* ViewController2.swift */; };
		5005C60D217AD477005DFBC9 /* ViewController2.swift in Sources */ = {isa = PBXBuildFile; fileRef = 5005C60A217AD477005DFBC9 /* ViewController2.swift */; };
		5005C61D217B0FD1005DFBC9 /* ViewController3.swift in Sources */ = {isa = PBXBuildFile; fileRef = 5005C61C217B0FD1005DFBC9 /* ViewController3.swift */; };
		5005C61E217B0FD1005DFBC9 /* ViewController3.swift in Sources */ = {isa = PBXBuildFile; fileRef = 5005C61C217B0FD1005DFBC9 /* ViewController3.swift */; };
		5005C61F217B0FD1005DFBC9 /* ViewController3.swift in Sources */ = {isa = PBXBuildFile; fileRef = 5005C61C217B0FD1005DFBC9 /* ViewController3.swift */; };
		5005C621217B0FE3005DFBC9 /* ViewController4.swift in Sources */ = {isa = PBXBuildFile; fileRef = 5005C620217B0FE3005DFBC9 /* ViewController4.swift */; };
		5005C622217B0FE3005DFBC9 /* ViewController4.swift in Sources */ = {isa = PBXBuildFile; fileRef = 5005C620217B0FE3005DFBC9 /* ViewController4.swift */; };
		5005C623217B0FE3005DFBC9 /* ViewController4.swift in Sources */ = {isa = PBXBuildFile; fileRef = 5005C620217B0FE3005DFBC9 /* ViewController4.swift */; };
		5005C625217B0FF0005DFBC9 /* ViewController5.swift in Sources */ = {isa = PBXBuildFile; fileRef = 5005C624217B0FF0005DFBC9 /* ViewController5.swift */; };
		5005C626217B0FF0005DFBC9 /* ViewController5.swift in Sources */ = {isa = PBXBuildFile; fileRef = 5005C624217B0FF0005DFBC9 /* ViewController5.swift */; };
		5005C627217B0FF0005DFBC9 /* ViewController5.swift in Sources */ = {isa = PBXBuildFile; fileRef = 5005C624217B0FF0005DFBC9 /* ViewController5.swift */; };
		5005C62A217B2865005DFBC9 /* Main.storyboard in Resources */ = {isa = PBXBuildFile; fileRef = 5005C628217B2865005DFBC9 /* Main.storyboard */; };
		5005C62B217B2865005DFBC9 /* Main.storyboard in Resources */ = {isa = PBXBuildFile; fileRef = 5005C628217B2865005DFBC9 /* Main.storyboard */; };
		5005C62C217B2865005DFBC9 /* Main.storyboard in Resources */ = {isa = PBXBuildFile; fileRef = 5005C628217B2865005DFBC9 /* Main.storyboard */; };
		5005C632217C24AD005DFBC9 /* tyokinAI.png in Resources */ = {isa = PBXBuildFile; fileRef = 5005C631217C24AC005DFBC9 /* tyokinAI.png */; };
		5005C633217C24AD005DFBC9 /* tyokinAI.png in Resources */ = {isa = PBXBuildFile; fileRef = 5005C631217C24AC005DFBC9 /* tyokinAI.png */; };
		5005C634217C24AD005DFBC9 /* tyokinAI.png in Resources */ = {isa = PBXBuildFile; fileRef = 5005C631217C24AC005DFBC9 /* tyokinAI.png */; };
		5005C636217C250D005DFBC9 /* ViewController0.swift in Sources */ = {isa = PBXBuildFile; fileRef = 5005C635217C250C005DFBC9 /* ViewController0.swift */; };
		5005C637217C250D005DFBC9 /* ViewController0.swift in Sources */ = {isa = PBXBuildFile; fileRef = 5005C635217C250C005DFBC9 /* ViewController0.swift */; };
		5005C638217C250D005DFBC9 /* ViewController0.swift in Sources */ = {isa = PBXBuildFile; fileRef = 5005C635217C250C005DFBC9 /* ViewController0.swift */; };
		5005C640217C2ECF005DFBC9 /* SeleniumAmazon.py in Resources */ = {isa = PBXBuildFile; fileRef = 5005C63F217C2ECF005DFBC9 /* SeleniumAmazon.py */; };
		5005C641217C2ECF005DFBC9 /* SeleniumAmazon.py in Resources */ = {isa = PBXBuildFile; fileRef = 5005C63F217C2ECF005DFBC9 /* SeleniumAmazon.py */; };
		5005C642217C2ECF005DFBC9 /* SeleniumAmazon.py in Resources */ = {isa = PBXBuildFile; fileRef = 5005C63F217C2ECF005DFBC9 /* SeleniumAmazon.py */; };
/* End PBXBuildFile section */

/* Begin PBXContainerItemProxy section */
		5005C5EA217AB5BC005DFBC9 /* PBXContainerItemProxy */ = {
			isa = PBXContainerItemProxy;
			containerPortal = 5005C5CD217AB5B3005DFBC9 /* Project object */;
			proxyType = 1;
			remoteGlobalIDString = 5005C5D4217AB5B3005DFBC9;
			remoteInfo = TyokinshiAI_JPHACKS2018;
		};
		5005C5F5217AB5BC005DFBC9 /* PBXContainerItemProxy */ = {
			isa = PBXContainerItemProxy;
			containerPortal = 5005C5CD217AB5B3005DFBC9 /* Project object */;
			proxyType = 1;
			remoteGlobalIDString = 5005C5D4217AB5B3005DFBC9;
			remoteInfo = TyokinshiAI_JPHACKS2018;
		};
/* End PBXContainerItemProxy section */

/* Begin PBXFileReference section */
		5005C5D5217AB5B3005DFBC9 /* TyokinshiAI_JPHACKS2018.app */ = {isa = PBXFileReference; explicitFileType = wrapper.application; includeInIndex = 0; path = TyokinshiAI_JPHACKS2018.app; sourceTree = BUILT_PRODUCTS_DIR; };
		5005C5D8217AB5B4005DFBC9 /* AppDelegate.swift */ = {isa = PBXFileReference; lastKnownFileType = sourcecode.swift; path = AppDelegate.swift; sourceTree = "<group>"; };
		5005C5DA217AB5B4005DFBC9 /* ViewController1.swift */ = {isa = PBXFileReference; lastKnownFileType = sourcecode.swift; path = ViewController1.swift; sourceTree = "<group>"; };
		5005C5E2217AB5BC005DFBC9 /* Base */ = {isa = PBXFileReference; lastKnownFileType = file.storyboard; name = Base; path = Base.lproj/LaunchScreen.storyboard; sourceTree = "<group>"; };
		5005C5E4217AB5BC005DFBC9 /* Info.plist */ = {isa = PBXFileReference; lastKnownFileType = text.plist.xml; path = Info.plist; sourceTree = "<group>"; };
		5005C5E9217AB5BC005DFBC9 /* TyokinshiAI_JPHACKS2018Tests.xctest */ = {isa = PBXFileReference; explicitFileType = wrapper.cfbundle; includeInIndex = 0; path = TyokinshiAI_JPHACKS2018Tests.xctest; sourceTree = BUILT_PRODUCTS_DIR; };
		5005C5ED217AB5BC005DFBC9 /* TyokinshiAI_JPHACKS2018Tests.swift */ = {isa = PBXFileReference; lastKnownFileType = sourcecode.swift; path = TyokinshiAI_JPHACKS2018Tests.swift; sourceTree = "<group>"; };
		5005C5EF217AB5BC005DFBC9 /* Info.plist */ = {isa = PBXFileReference; lastKnownFileType = text.plist.xml; path = Info.plist; sourceTree = "<group>"; };
		5005C5F4217AB5BC005DFBC9 /* TyokinshiAI_JPHACKS2018UITests.xctest */ = {isa = PBXFileReference; explicitFileType = wrapper.cfbundle; includeInIndex = 0; path = TyokinshiAI_JPHACKS2018UITests.xctest; sourceTree = BUILT_PRODUCTS_DIR; };
		5005C5F8217AB5BC005DFBC9 /* TyokinshiAI_JPHACKS2018UITests.swift */ = {isa = PBXFileReference; lastKnownFileType = sourcecode.swift; path = TyokinshiAI_JPHACKS2018UITests.swift; sourceTree = "<group>"; };
		5005C5FA217AB5BC005DFBC9 /* Info.plist */ = {isa = PBXFileReference; lastKnownFileType = text.plist.xml; path = Info.plist; sourceTree = "<group>"; };
		5005C60A217AD477005DFBC9 /* ViewController2.swift */ = {isa = PBXFileReference; lastKnownFileType = sourcecode.swift; path = ViewController2.swift; sourceTree = "<group>"; };
		5005C61C217B0FD1005DFBC9 /* ViewController3.swift */ = {isa = PBXFileReference; lastKnownFileType = sourcecode.swift; path = ViewController3.swift; sourceTree = "<group>"; };
		5005C620217B0FE3005DFBC9 /* ViewController4.swift */ = {isa = PBXFileReference; lastKnownFileType = sourcecode.swift; path = ViewController4.swift; sourceTree = "<group>"; };
		5005C624217B0FF0005DFBC9 /* ViewController5.swift */ = {isa = PBXFileReference; lastKnownFileType = sourcecode.swift; path = ViewController5.swift; sourceTree = "<group>"; };
		5005C629217B2865005DFBC9 /* Base */ = {isa = PBXFileReference; lastKnownFileType = file.storyboard; name = Base; path = Base.lproj/Main.storyboard; sourceTree = "<group>"; };
		5005C631217C24AC005DFBC9 /* tyokinAI.png */ = {isa = PBXFileReference; lastKnownFileType = image.png; path = tyokinAI.png; sourceTree = "<group>"; };
		5005C635217C250C005DFBC9 /* ViewController0.swift */ = {isa = PBXFileReference; lastKnownFileType = sourcecode.swift; path = ViewController0.swift; sourceTree = "<group>"; };
		5005C63F217C2ECF005DFBC9 /* SeleniumAmazon.py */ = {isa = PBXFileReference; fileEncoding = 4; lastKnownFileType = text.script.python; path = SeleniumAmazon.py; sourceTree = "<group>"; };
/* End PBXFileReference section */

/* Begin PBXFrameworksBuildPhase section */
		5005C5D2217AB5B3005DFBC9 /* Frameworks */ = {
			isa = PBXFrameworksBuildPhase;
			buildActionMask = 2147483647;
			files = (
			);
			runOnlyForDeploymentPostprocessing = 0;
		};
		5005C5E6217AB5BC005DFBC9 /* Frameworks */ = {
			isa = PBXFrameworksBuildPhase;
			buildActionMask = 2147483647;
			files = (
			);
			runOnlyForDeploymentPostprocessing = 0;
		};
		5005C5F1217AB5BC005DFBC9 /* Frameworks */ = {
			isa = PBXFrameworksBuildPhase;
			buildActionMask = 2147483647;
			files = (
			);
			runOnlyForDeploymentPostprocessing = 0;
		};
/* End PBXFrameworksBuildPhase section */

/* Begin PBXGroup section */
		5005C5CC217AB5B3005DFBC9 = {
			isa = PBXGroup;
			children = (
				5005C63E217C2ECF005DFBC9 /* SP_1801-tamai_python */,
				5005C5D7217AB5B3005DFBC9 /* TyokinshiAI_JPHACKS2018 */,
				5005C5EC217AB5BC005DFBC9 /* TyokinshiAI_JPHACKS2018Tests */,
				5005C5F7217AB5BC005DFBC9 /* TyokinshiAI_JPHACKS2018UITests */,
				5005C5D6217AB5B3005DFBC9 /* Products */,
			);
			sourceTree = "<group>";
		};
		5005C5D6217AB5B3005DFBC9 /* Products */ = {
			isa = PBXGroup;
			children = (
				5005C5D5217AB5B3005DFBC9 /* TyokinshiAI_JPHACKS2018.app */,
				5005C5E9217AB5BC005DFBC9 /* TyokinshiAI_JPHACKS2018Tests.xctest */,
				5005C5F4217AB5BC005DFBC9 /* TyokinshiAI_JPHACKS2018UITests.xctest */,
			);
			name = Products;
			sourceTree = "<group>";
		};
		5005C5D7217AB5B3005DFBC9 /* TyokinshiAI_JPHACKS2018 */ = {
			isa = PBXGroup;
			children = (
				5005C5D8217AB5B4005DFBC9 /* AppDelegate.swift */,
				5005C635217C250C005DFBC9 /* ViewController0.swift */,
				5005C5DA217AB5B4005DFBC9 /* ViewController1.swift */,
				5005C60A217AD477005DFBC9 /* ViewController2.swift */,
				5005C61C217B0FD1005DFBC9 /* ViewController3.swift */,
				5005C620217B0FE3005DFBC9 /* ViewController4.swift */,
				5005C624217B0FF0005DFBC9 /* ViewController5.swift */,
				5005C5E1217AB5BC005DFBC9 /* LaunchScreen.storyboard */,
				5005C628217B2865005DFBC9 /* Main.storyboard */,
				5005C631217C24AC005DFBC9 /* tyokinAI.png */,
				5005C5E4217AB5BC005DFBC9 /* Info.plist */,
			);
			path = TyokinshiAI_JPHACKS2018;
			sourceTree = "<group>";
		};
		5005C5EC217AB5BC005DFBC9 /* TyokinshiAI_JPHACKS2018Tests */ = {
			isa = PBXGroup;
			children = (
				5005C5ED217AB5BC005DFBC9 /* TyokinshiAI_JPHACKS2018Tests.swift */,
				5005C5EF217AB5BC005DFBC9 /* Info.plist */,
			);
			path = TyokinshiAI_JPHACKS2018Tests;
			sourceTree = "<group>";
		};
		5005C5F7217AB5BC005DFBC9 /* TyokinshiAI_JPHACKS2018UITests */ = {
			isa = PBXGroup;
			children = (
				5005C5F8217AB5BC005DFBC9 /* TyokinshiAI_JPHACKS2018UITests.swift */,
				5005C5FA217AB5BC005DFBC9 /* Info.plist */,
			);
			path = TyokinshiAI_JPHACKS2018UITests;
			sourceTree = "<group>";
		};
		5005C63E217C2ECF005DFBC9 /* SP_1801-tamai_python */ = {
			isa = PBXGroup;
			children = (
				5005C63F217C2ECF005DFBC9 /* SeleniumAmazon.py */,
			);
			path = "SP_1801-tamai_python";
			sourceTree = "<group>";
		};
/* End PBXGroup section */

/* Begin PBXNativeTarget section */
		5005C5D4217AB5B3005DFBC9 /* TyokinshiAI_JPHACKS2018 */ = {
			isa = PBXNativeTarget;
			buildConfigurationList = 5005C5FD217AB5BC005DFBC9 /* Build configuration list for PBXNativeTarget "TyokinshiAI_JPHACKS2018" */;
			buildPhases = (
				5005C5D1217AB5B3005DFBC9 /* Sources */,
				5005C5D2217AB5B3005DFBC9 /* Frameworks */,
				5005C5D3217AB5B3005DFBC9 /* Resources */,
			);
			buildRules = (
			);
			dependencies = (
			);
			name = TyokinshiAI_JPHACKS2018;
			productName = TyokinshiAI_JPHACKS2018;
			productReference = 5005C5D5217AB5B3005DFBC9 /* TyokinshiAI_JPHACKS2018.app */;
			productType = "com.apple.product-type.application";
		};
		5005C5E8217AB5BC005DFBC9 /* TyokinshiAI_JPHACKS2018Tests */ = {
			isa = PBXNativeTarget;
			buildConfigurationList = 5005C600217AB5BC005DFBC9 /* Build configuration list for PBXNativeTarget "TyokinshiAI_JPHACKS2018Tests" */;
			buildPhases = (
				5005C5E5217AB5BC005DFBC9 /* Sources */,
				5005C5E6217AB5BC005DFBC9 /* Frameworks */,
				5005C5E7217AB5BC005DFBC9 /* Resources */,
			);
			buildRules = (
			);
			dependencies = (
				5005C5EB217AB5BC005DFBC9 /* PBXTargetDependency */,
			);
			name = TyokinshiAI_JPHACKS2018Tests;
			productName = TyokinshiAI_JPHACKS2018Tests;
			productReference = 5005C5E9217AB5BC005DFBC9 /* TyokinshiAI_JPHACKS2018Tests.xctest */;
			productType = "com.apple.product-type.bundle.unit-test";
		};
		5005C5F3217AB5BC005DFBC9 /* TyokinshiAI_JPHACKS2018UITests */ = {
			isa = PBXNativeTarget;
			buildConfigurationList = 5005C603217AB5BC005DFBC9 /* Build configuration list for PBXNativeTarget "TyokinshiAI_JPHACKS2018UITests" */;
			buildPhases = (
				5005C5F0217AB5BC005DFBC9 /* Sources */,
				5005C5F1217AB5BC005DFBC9 /* Frameworks */,
				5005C5F2217AB5BC005DFBC9 /* Resources */,
			);
			buildRules = (
			);
			dependencies = (
				5005C5F6217AB5BC005DFBC9 /* PBXTargetDependency */,
			);
			name = TyokinshiAI_JPHACKS2018UITests;
			productName = TyokinshiAI_JPHACKS2018UITests;
			productReference = 5005C5F4217AB5BC005DFBC9 /* TyokinshiAI_JPHACKS2018UITests.xctest */;
			productType = "com.apple.product-type.bundle.ui-testing";
		};
/* End PBXNativeTarget section */

/* Begin PBXProject section */
		5005C5CD217AB5B3005DFBC9 /* Project object */ = {
			isa = PBXProject;
			attributes = {
				LastSwiftUpdateCheck = 0940;
				LastUpgradeCheck = 0940;
				ORGANIZATIONNAME = "中井崚日";
				TargetAttributes = {
					5005C5D4217AB5B3005DFBC9 = {
						CreatedOnToolsVersion = 9.4.1;
					};
					5005C5E8217AB5BC005DFBC9 = {
						CreatedOnToolsVersion = 9.4.1;
						TestTargetID = 5005C5D4217AB5B3005DFBC9;
					};
					5005C5F3217AB5BC005DFBC9 = {
						CreatedOnToolsVersion = 9.4.1;
						TestTargetID = 5005C5D4217AB5B3005DFBC9;
					};
				};
			};
			buildConfigurationList = 5005C5D0217AB5B3005DFBC9 /* Build configuration list for PBXProject "TyokinshiAI_JPHACKS2018" */;
			compatibilityVersion = "Xcode 9.3";
			developmentRegion = en;
			hasScannedForEncodings = 0;
			knownRegions = (
				en,
				Base,
			);
			mainGroup = 5005C5CC217AB5B3005DFBC9;
			productRefGroup = 5005C5D6217AB5B3005DFBC9 /* Products */;
			projectDirPath = "";
			projectRoot = "";
			targets = (
				5005C5D4217AB5B3005DFBC9 /* TyokinshiAI_JPHACKS2018 */,
				5005C5E8217AB5BC005DFBC9 /* TyokinshiAI_JPHACKS2018Tests */,
				5005C5F3217AB5BC005DFBC9 /* TyokinshiAI_JPHACKS2018UITests */,
			);
		};
/* End PBXProject section */

/* Begin PBXResourcesBuildPhase section */
		5005C5D3217AB5B3005DFBC9 /* Resources */ = {
			isa = PBXResourcesBuildPhase;
			buildActionMask = 2147483647;
			files = (
				5005C640217C2ECF005DFBC9 /* SeleniumAmazon.py in Resources */,
				5005C5E3217AB5BC005DFBC9 /* LaunchScreen.storyboard in Resources */,
				5005C62A217B2865005DFBC9 /* Main.storyboard in Resources */,
				5005C632217C24AD005DFBC9 /* tyokinAI.png in Resources */,
			);
			runOnlyForDeploymentPostprocessing = 0;
		};
		5005C5E7217AB5BC005DFBC9 /* Resources */ = {
			isa = PBXResourcesBuildPhase;
			buildActionMask = 2147483647;
			files = (
				5005C633217C24AD005DFBC9 /* tyokinAI.png in Resources */,
				5005C62B217B2865005DFBC9 /* Main.storyboard in Resources */,
				5005C641217C2ECF005DFBC9 /* SeleniumAmazon.py in Resources */,
			);
			runOnlyForDeploymentPostprocessing = 0;
		};
		5005C5F2217AB5BC005DFBC9 /* Resources */ = {
			isa = PBXResourcesBuildPhase;
			buildActionMask = 2147483647;
			files = (
				5005C634217C24AD005DFBC9 /* tyokinAI.png in Resources */,
				5005C62C217B2865005DFBC9 /* Main.storyboard in Resources */,
				5005C642217C2ECF005DFBC9 /* SeleniumAmazon.py in Resources */,
			);
			runOnlyForDeploymentPostprocessing = 0;
		};
/* End PBXResourcesBuildPhase section */

/* Begin PBXSourcesBuildPhase section */
		5005C5D1217AB5B3005DFBC9 /* Sources */ = {
			isa = PBXSourcesBuildPhase;
			buildActionMask = 2147483647;
			files = (
				5005C61D217B0FD1005DFBC9 /* ViewController3.swift in Sources */,
				5005C621217B0FE3005DFBC9 /* ViewController4.swift in Sources */,
				5005C5DB217AB5B4005DFBC9 /* ViewController1.swift in Sources */,
				5005C5D9217AB5B4005DFBC9 /* AppDelegate.swift in Sources */,
				5005C60B217AD477005DFBC9 /* ViewController2.swift in Sources */,
				5005C625217B0FF0005DFBC9 /* ViewController5.swift in Sources */,
				5005C636217C250D005DFBC9 /* ViewController0.swift in Sources */,
			);
			runOnlyForDeploymentPostprocessing = 0;
		};
		5005C5E5217AB5BC005DFBC9 /* Sources */ = {
			isa = PBXSourcesBuildPhase;
			buildActionMask = 2147483647;
			files = (
				5005C5EE217AB5BC005DFBC9 /* TyokinshiAI_JPHACKS2018Tests.swift in Sources */,
				5005C60C217AD477005DFBC9 /* ViewController2.swift in Sources */,
				5005C61E217B0FD1005DFBC9 /* ViewController3.swift in Sources */,
				5005C637217C250D005DFBC9 /* ViewController0.swift in Sources */,
				5005C622217B0FE3005DFBC9 /* ViewController4.swift in Sources */,
				5005C626217B0FF0005DFBC9 /* ViewController5.swift in Sources */,
			);
			runOnlyForDeploymentPostprocessing = 0;
		};
		5005C5F0217AB5BC005DFBC9 /* Sources */ = {
			isa = PBXSourcesBuildPhase;
			buildActionMask = 2147483647;
			files = (
				5005C5F9217AB5BC005DFBC9 /* TyokinshiAI_JPHACKS2018UITests.swift in Sources */,
				5005C60D217AD477005DFBC9 /* ViewController2.swift in Sources */,
				5005C61F217B0FD1005DFBC9 /* ViewController3.swift in Sources */,
				5005C638217C250D005DFBC9 /* ViewController0.swift in Sources */,
				5005C623217B0FE3005DFBC9 /* ViewController4.swift in Sources */,
				5005C627217B0FF0005DFBC9 /* ViewController5.swift in Sources */,
			);
			runOnlyForDeploymentPostprocessing = 0;
		};
/* End PBXSourcesBuildPhase section */

/* Begin PBXTargetDependency section */
		5005C5EB217AB5BC005DFBC9 /* PBXTargetDependency */ = {
			isa = PBXTargetDependency;
			target = 5005C5D4217AB5B3005DFBC9 /* TyokinshiAI_JPHACKS2018 */;
			targetProxy = 5005C5EA217AB5BC005DFBC9 /* PBXContainerItemProxy */;
		};
		5005C5F6217AB5BC005DFBC9 /* PBXTargetDependency */ = {
			isa = PBXTargetDependency;
			target = 5005C5D4217AB5B3005DFBC9 /* TyokinshiAI_JPHACKS2018 */;
			targetProxy = 5005C5F5217AB5BC005DFBC9 /* PBXContainerItemProxy */;
		};
/* End PBXTargetDependency section */

/* Begin PBXVariantGroup section */
		5005C5E1217AB5BC005DFBC9 /* LaunchScreen.storyboard */ = {
			isa = PBXVariantGroup;
			children = (
				5005C5E2217AB5BC005DFBC9 /* Base */,
			);
			name = LaunchScreen.storyboard;
			sourceTree = "<group>";
		};
		5005C628217B2865005DFBC9 /* Main.storyboard */ = {
			isa = PBXVariantGroup;
			children = (
				5005C629217B2865005DFBC9 /* Base */,
			);
			name = Main.storyboard;
			sourceTree = "<group>";
		};
/* End PBXVariantGroup section */

/* Begin XCBuildConfiguration section */
		5005C5FB217AB5BC005DFBC9 /* Debug */ = {
			isa = XCBuildConfiguration;
			buildSettings = {
				ALWAYS_SEARCH_USER_PATHS = NO;
				CLANG_ANALYZER_NONNULL = YES;
				CLANG_ANALYZER_NUMBER_OBJECT_CONVERSION = YES_AGGRESSIVE;
				CLANG_CXX_LANGUAGE_STANDARD = "gnu++14";
				CLANG_CXX_LIBRARY = "libc++";
				CLANG_ENABLE_MODULES = YES;
				CLANG_ENABLE_OBJC_ARC = YES;
				CLANG_ENABLE_OBJC_WEAK = YES;
				CLANG_WARN_BLOCK_CAPTURE_AUTORELEASING = YES;
				CLANG_WARN_BOOL_CONVERSION = YES;
				CLANG_WARN_COMMA = YES;
				CLANG_WARN_CONSTANT_CONVERSION = YES;
				CLANG_WARN_DEPRECATED_OBJC_IMPLEMENTATIONS = YES;
				CLANG_WARN_DIRECT_OBJC_ISA_USAGE = YES_ERROR;
				CLANG_WARN_DOCUMENTATION_COMMENTS = YES;
				CLANG_WARN_EMPTY_BODY = YES;
				CLANG_WARN_ENUM_CONVERSION = YES;
				CLANG_WARN_INFINITE_RECURSION = YES;
				CLANG_WARN_INT_CONVERSION = YES;
				CLANG_WARN_NON_LITERAL_NULL_CONVERSION = YES;
				CLANG_WARN_OBJC_IMPLICIT_RETAIN_SELF = YES;
				CLANG_WARN_OBJC_LITERAL_CONVERSION = YES;
				CLANG_WARN_OBJC_ROOT_CLASS = YES_ERROR;
				CLANG_WARN_RANGE_LOOP_ANALYSIS = YES;
				CLANG_WARN_STRICT_PROTOTYPES = YES;
				CLANG_WARN_SUSPICIOUS_MOVE = YES;
				CLANG_WARN_UNGUARDED_AVAILABILITY = YES_AGGRESSIVE;
				CLANG_WARN_UNREACHABLE_CODE = YES;
				CLANG_WARN__DUPLICATE_METHOD_MATCH = YES;
				CODE_SIGN_IDENTITY = "iPhone Developer";
				COPY_PHASE_STRIP = NO;
				DEBUG_INFORMATION_FORMAT = dwarf;
				ENABLE_STRICT_OBJC_MSGSEND = YES;
				ENABLE_TESTABILITY = YES;
				GCC_C_LANGUAGE_STANDARD = gnu11;
				GCC_DYNAMIC_NO_PIC = NO;
				GCC_NO_COMMON_BLOCKS = YES;
				GCC_OPTIMIZATION_LEVEL = 0;
				GCC_PREPROCESSOR_DEFINITIONS = (
					"DEBUG=1",
					"$(inherited)",
				);
				GCC_WARN_64_TO_32_BIT_CONVERSION = YES;
				GCC_WARN_ABOUT_RETURN_TYPE = YES_ERROR;
				GCC_WARN_UNDECLARED_SELECTOR = YES;
				GCC_WARN_UNINITIALIZED_AUTOS = YES_AGGRESSIVE;
				GCC_WARN_UNUSED_FUNCTION = YES;
				GCC_WARN_UNUSED_VARIABLE = YES;
				IPHONEOS_DEPLOYMENT_TARGET = 11.4;
				MTL_ENABLE_DEBUG_INFO = YES;
				ONLY_ACTIVE_ARCH = YES;
				SDKROOT = iphoneos;
				SWIFT_ACTIVE_COMPILATION_CONDITIONS = DEBUG;
				SWIFT_OPTIMIZATION_LEVEL = "-Onone";
			};
			name = Debug;
		};
		5005C5FC217AB5BC005DFBC9 /* Release */ = {
			isa = XCBuildConfiguration;
			buildSettings = {
				ALWAYS_SEARCH_USER_PATHS = NO;
				CLANG_ANALYZER_NONNULL = YES;
				CLANG_ANALYZER_NUMBER_OBJECT_CONVERSION = YES_AGGRESSIVE;
				CLANG_CXX_LANGUAGE_STANDARD = "gnu++14";
				CLANG_CXX_LIBRARY = "libc++";
				CLANG_ENABLE_MODULES = YES;
				CLANG_ENABLE_OBJC_ARC = YES;
				CLANG_ENABLE_OBJC_WEAK = YES;
				CLANG_WARN_BLOCK_CAPTURE_AUTORELEASING = YES;
				CLANG_WARN_BOOL_CONVERSION = YES;
				CLANG_WARN_COMMA = YES;
				CLANG_WARN_CONSTANT_CONVERSION = YES;
				CLANG_WARN_DEPRECATED_OBJC_IMPLEMENTATIONS = YES;
				CLANG_WARN_DIRECT_OBJC_ISA_USAGE = YES_ERROR;
				CLANG_WARN_DOCUMENTATION_COMMENTS = YES;
				CLANG_WARN_EMPTY_BODY = YES;
				CLANG_WARN_ENUM_CONVERSION = YES;
				CLANG_WARN_INFINITE_RECURSION = YES;
				CLANG_WARN_INT_CONVERSION = YES;
				CLANG_WARN_NON_LITERAL_NULL_CONVERSION = YES;
				CLANG_WARN_OBJC_IMPLICIT_RETAIN_SELF = YES;
				CLANG_WARN_OBJC_LITERAL_CONVERSION = YES;
				CLANG_WARN_OBJC_ROOT_CLASS = YES_ERROR;
				CLANG_WARN_RANGE_LOOP_ANALYSIS = YES;
				CLANG_WARN_STRICT_PROTOTYPES = YES;
				CLANG_WARN_SUSPICIOUS_MOVE = YES;
				CLANG_WARN_UNGUARDED_AVAILABILITY = YES_AGGRESSIVE;
				CLANG_WARN_UNREACHABLE_CODE = YES;
				CLANG_WARN__DUPLICATE_METHOD_MATCH = YES;
				CODE_SIGN_IDENTITY = "iPhone Developer";
				COPY_PHASE_STRIP = NO;
				DEBUG_INFORMATION_FORMAT = "dwarf-with-dsym";
				ENABLE_NS_ASSERTIONS = NO;
				ENABLE_STRICT_OBJC_MSGSEND = YES;
				GCC_C_LANGUAGE_STANDARD = gnu11;
				GCC_NO_COMMON_BLOCKS = YES;
				GCC_WARN_64_TO_32_BIT_CONVERSION = YES;
				GCC_WARN_ABOUT_RETURN_TYPE = YES_ERROR;
				GCC_WARN_UNDECLARED_SELECTOR = YES;
				GCC_WARN_UNINITIALIZED_AUTOS = YES_AGGRESSIVE;
				GCC_WARN_UNUSED_FUNCTION = YES;
				GCC_WARN_UNUSED_VARIABLE = YES;
				IPHONEOS_DEPLOYMENT_TARGET = 11.4;
				MTL_ENABLE_DEBUG_INFO = NO;
				SDKROOT = iphoneos;
				SWIFT_COMPILATION_MODE = wholemodule;
				SWIFT_OPTIMIZATION_LEVEL = "-O";
				VALIDATE_PRODUCT = YES;
			};
			name = Release;
		};
		5005C5FE217AB5BC005DFBC9 /* Debug */ = {
			isa = XCBuildConfiguration;
			buildSettings = {
				ASSETCATALOG_COMPILER_APPICON_NAME = AppIcon;
				CODE_SIGN_STYLE = Automatic;
				DEVELOPMENT_TEAM = VVU7D7PK8H;
				INFOPLIST_FILE = TyokinshiAI_JPHACKS2018/Info.plist;
				LD_RUNPATH_SEARCH_PATHS = (
					"$(inherited)",
					"@executable_path/Frameworks",
				);
				PRODUCT_BUNDLE_IDENTIFIER = "high-fun.TyokinshiAI-JPHACKS2018";
				PRODUCT_NAME = "$(TARGET_NAME)";
				SWIFT_VERSION = 4.0;
				TARGETED_DEVICE_FAMILY = "1,2";
			};
			name = Debug;
		};
		5005C5FF217AB5BC005DFBC9 /* Release */ = {
			isa = XCBuildConfiguration;
			buildSettings = {
				ASSETCATALOG_COMPILER_APPICON_NAME = AppIcon;
				CODE_SIGN_STYLE = Automatic;
				DEVELOPMENT_TEAM = VVU7D7PK8H;
				INFOPLIST_FILE = TyokinshiAI_JPHACKS2018/Info.plist;
				LD_RUNPATH_SEARCH_PATHS = (
					"$(inherited)",
					"@executable_path/Frameworks",
				);
				PRODUCT_BUNDLE_IDENTIFIER = "high-fun.TyokinshiAI-JPHACKS2018";
				PRODUCT_NAME = "$(TARGET_NAME)";
				SWIFT_VERSION = 4.0;
				TARGETED_DEVICE_FAMILY = "1,2";
			};
			name = Release;
		};
		5005C601217AB5BC005DFBC9 /* Debug */ = {
			isa = XCBuildConfiguration;
			buildSettings = {
				ALWAYS_EMBED_SWIFT_STANDARD_LIBRARIES = YES;
				BUNDLE_LOADER = "$(TEST_HOST)";
				CODE_SIGN_STYLE = Automatic;
				DEVELOPMENT_TEAM = VVU7D7PK8H;
				INFOPLIST_FILE = TyokinshiAI_JPHACKS2018Tests/Info.plist;
				LD_RUNPATH_SEARCH_PATHS = (
					"$(inherited)",
					"@executable_path/Frameworks",
					"@loader_path/Frameworks",
				);
				PRODUCT_BUNDLE_IDENTIFIER = "high-fun.TyokinshiAI-JPHACKS2018Tests";
				PRODUCT_NAME = "$(TARGET_NAME)";
				SWIFT_VERSION = 4.0;
				TARGETED_DEVICE_FAMILY = "1,2";
				TEST_HOST = "$(BUILT_PRODUCTS_DIR)/TyokinshiAI_JPHACKS2018.app/TyokinshiAI_JPHACKS2018";
			};
			name = Debug;
		};
		5005C602217AB5BC005DFBC9 /* Release */ = {
			isa = XCBuildConfiguration;
			buildSettings = {
				ALWAYS_EMBED_SWIFT_STANDARD_LIBRARIES = YES;
				BUNDLE_LOADER = "$(TEST_HOST)";
				CODE_SIGN_STYLE = Automatic;
				DEVELOPMENT_TEAM = VVU7D7PK8H;
				INFOPLIST_FILE = TyokinshiAI_JPHACKS2018Tests/Info.plist;
				LD_RUNPATH_SEARCH_PATHS = (
					"$(inherited)",
					"@executable_path/Frameworks",
					"@loader_path/Frameworks",
				);
				PRODUCT_BUNDLE_IDENTIFIER = "high-fun.TyokinshiAI-JPHACKS2018Tests";
				PRODUCT_NAME = "$(TARGET_NAME)";
				SWIFT_VERSION = 4.0;
				TARGETED_DEVICE_FAMILY = "1,2";
				TEST_HOST = "$(BUILT_PRODUCTS_DIR)/TyokinshiAI_JPHACKS2018.app/TyokinshiAI_JPHACKS2018";
			};
			name = Release;
		};
		5005C604217AB5BC005DFBC9 /* Debug */ = {
			isa = XCBuildConfiguration;
			buildSettings = {
				ALWAYS_EMBED_SWIFT_STANDARD_LIBRARIES = YES;
				CODE_SIGN_STYLE = Automatic;
				DEVELOPMENT_TEAM = VVU7D7PK8H;
				INFOPLIST_FILE = TyokinshiAI_JPHACKS2018UITests/Info.plist;
				LD_RUNPATH_SEARCH_PATHS = (
					"$(inherited)",
					"@executable_path/Frameworks",
					"@loader_path/Frameworks",
				);
				PRODUCT_BUNDLE_IDENTIFIER = "high-fun.TyokinshiAI-JPHACKS2018UITests";
				PRODUCT_NAME = "$(TARGET_NAME)";
				SWIFT_VERSION = 4.0;
				TARGETED_DEVICE_FAMILY = "1,2";
				TEST_TARGET_NAME = TyokinshiAI_JPHACKS2018;
			};
			name = Debug;
		};
		5005C605217AB5BC005DFBC9 /* Release */ = {
			isa = XCBuildConfiguration;
			buildSettings = {
				ALWAYS_EMBED_SWIFT_STANDARD_LIBRARIES = YES;
				CODE_SIGN_STYLE = Automatic;
				DEVELOPMENT_TEAM = VVU7D7PK8H;
				INFOPLIST_FILE = TyokinshiAI_JPHACKS2018UITests/Info.plist;
				LD_RUNPATH_SEARCH_PATHS = (
					"$(inherited)",
					"@executable_path/Frameworks",
					"@loader_path/Frameworks",
				);
				PRODUCT_BUNDLE_IDENTIFIER = "high-fun.TyokinshiAI-JPHACKS2018UITests";
				PRODUCT_NAME = "$(TARGET_NAME)";
				SWIFT_VERSION = 4.0;
				TARGETED_DEVICE_FAMILY = "1,2";
				TEST_TARGET_NAME = TyokinshiAI_JPHACKS2018;
			};
			name = Release;
		};
/* End XCBuildConfiguration section */

/* Begin XCConfigurationList section */
		5005C5D0217AB5B3005DFBC9 /* Build configuration list for PBXProject "TyokinshiAI_JPHACKS2018" */ = {
			isa = XCConfigurationList;
			buildConfigurations = (
				5005C5FB217AB5BC005DFBC9 /* Debug */,
				5005C5FC217AB5BC005DFBC9 /* Release */,
			);
			defaultConfigurationIsVisible = 0;
			defaultConfigurationName = Release;
		};
		5005C5FD217AB5BC005DFBC9 /* Build configuration list for PBXNativeTarget "TyokinshiAI_JPHACKS2018" */ = {
			isa = XCConfigurationList;
			buildConfigurations = (
				5005C5FE217AB5BC005DFBC9 /* Debug */,
				5005C5FF217AB5BC005DFBC9 /* Release */,
			);
			defaultConfigurationIsVisible = 0;
			defaultConfigurationName = Release;
		};
		5005C600217AB5BC005DFBC9 /* Build configuration list for PBXNativeTarget "TyokinshiAI_JPHACKS2018Tests" */ = {
			isa = XCConfigurationList;
			buildConfigurations = (
				5005C601217AB5BC005DFBC9 /* Debug */,
				5005C602217AB5BC005DFBC9 /* Release */,
			);
			defaultConfigurationIsVisible = 0;
			defaultConfigurationName = Release;
		};
		5005C603217AB5BC005DFBC9 /* Build configuration list for PBXNativeTarget "TyokinshiAI_JPHACKS2018UITests" */ = {
			isa = XCConfigurationList;
			buildConfigurations = (
				5005C604217AB5BC005DFBC9 /* Debug */,
				5005C605217AB5BC005DFBC9 /* Release */,
			);
			defaultConfigurationIsVisible = 0;
			defaultConfigurationName = Release;
		};
/* End XCConfigurationList section */
	};
	rootObject = 5005C5CD217AB5B3005DFBC9 /* Project object */;
}
